
Microsoft Visual Studio Solution File, Format Version 12.00
# Visual Studio 2013
VisualStudioVersion = 12.0.30723.0
MinimumVisualStudioVersion = 10.0.40219.1
Project("{F184B08F-C81C-45F6-A57F-5ABD9991F28F}") = "QuintusTest", "QuintusTest.vbproj", "{58F7F8EE-3A5B-4F0B-8095-8F64C10401FB}"
EndProject
Global
	GlobalSection(SolutionConfigurationPlatforms) = preSolution
		Debug|Any CPU = Debug|Any CPU
		Release|Any CPU = Release|Any CPU
	EndGlobalSection
	GlobalSection(ProjectConfigurationPlatforms) = postSolution
		{58F7F8EE-3A5B-4F0B-8095-8F64C10401FB}.Debug|Any CPU.ActiveCfg = Debug|Any CPU
		{58F7F8EE-3A5B-4F0B-8095-8F64C10401FB}.Debug|Any CPU.Build.0 = Debug|Any CPU
		{58F7F8EE-3A5B-4F0B-8095-8F64C10401FB}.Release|Any CPU.ActiveCfg = Release|Any CPU
		{58F7F8EE-3A5B-4F0B-8095-8F64C10401FB}.Release|Any CPU.Build.0 = Release|Any CPU
	EndGlobalSection
	GlobalSection(SolutionProperties) = preSolution
		HideSolutionNode = FALSE
	EndGlobalSection
EndGlobal
